<?xml version="1.0" encoding="utf-8"?>
<Project ToolsVersion="4.0" xmlns="http://schemas.microsoft.com/developer/msbuild/2003">
  <ItemGroup>
    <Filter Include="Shaders">
      <UniqueIdentifier>{682a9dfd-b7bd-4bf9-b459-326b5f3f25eb}</UniqueIdentifier>
    </Filter>
  </ItemGroup>
  <ItemGroup>
    <FxCompile Include="RGBA_to_RGB.hlsl" />
    <FxCompile Include="RGBA_to_Y210.hlsl" />
    <FxCompile Include="RGBA_to_YUVS.hlsl" />
    <FxCompile Include="RGBA_to_YUV_ALPHA.hlsl" />
    <FxCompile Include="RGBA_to_2VUY.hlsl" />
    <FxCompile Include="RGBA_to_V210.hlsl" />
    <FxCompile Include="RGBA_to_VUYA.hlsl" />
    <FxCompile Include="RGBA_to_YUV444_8.hlsl" />
    <FxCompile Include="VShader.hlsl" />
    <FxCompile Include="Passthrough.hlsl" />
  </ItemGroup>
  <ItemGroup>
    <Text Include="HeadersPixelS.hlsl" />
  </ItemGroup>
</Project>